// !$*UTF8*$!
{
	archiveVersion = 1;
	classes = {
	};
	objectVersion = 46;
	objects = {

/* Begin PBXBuildFile section */
		188D71EA1EB883D600172460 /* AppDelegate.m in Sources */ = {isa = PBXBuildFile; fileRef = 188D71D41EB883D600172460 /* AppDelegate.m */; };
		188D71EB1EB883D600172460 /* Assets.xcassets in Resources */ = {isa = PBXBuildFile; fileRef = 188D71D51EB883D600172460 /* Assets.xcassets */; };
		188D71EC1EB883D600172460 /* SimpleViewController.m in Sources */ = {isa = PBXBuildFile; fileRef = 188D71D91EB883D600172460 /* SimpleViewController.m */; };
		188D71ED1EB883D600172460 /* SimpleBaseCell.m in Sources */ = {isa = PBXBuildFile; fileRef = 188D71DD1EB883D600172460 /* SimpleBaseCell.m */; };
		188D71EF1EB883D600172460 /* SimpleBaseModel.m in Sources */ = {isa = PBXBuildFile; fileRef = 188D71E11EB883D600172460 /* SimpleBaseModel.m */; };
		188D71F01EB883D600172460 /* ViewController.m in Sources */ = {isa = PBXBuildFile; fileRef = 188D71E31EB883D600172460 /* ViewController.m */; };
		188D71F21EB883D600172460 /* main.m in Sources */ = {isa = PBXBuildFile; fileRef = 188D71E61EB883D600172460 /* main.m */; };
		188D71F31EB883D600172460 /* LaunchScreen.storyboard in Resources */ = {isa = PBXBuildFile; fileRef = 188D71E81EB883D600172460 /* LaunchScreen.storyboard */; };
		188D71F41EB883D600172460 /* Main.storyboard in Resources */ = {isa = PBXBuildFile; fileRef = 188D71E91EB883D600172460 /* Main.storyboard */; };
		188D71FA1EB8846800172460 /* DMTableTools.m in Sources */ = {isa = PBXBuildFile; fileRef = 188D71F91EB8846800172460 /* DMTableTools.m */; };
		188D72171EB993F900172460 /* SimpleViewController+Dummy.m in Sources */ = {isa = PBXBuildFile; fileRef = 188D72161EB993F900172460 /* SimpleViewController+Dummy.m */; };
		188D721C1EB9946D00172460 /* NSString+Fish.m in Sources */ = {isa = PBXBuildFile; fileRef = 188D721B1EB9946D00172460 /* NSString+Fish.m */; };
		188D721F1EB9AF0200172460 /* TLIndexPathUpdates+DMBatch.m in Sources */ = {isa = PBXBuildFile; fileRef = 188D721E1EB9AF0200172460 /* TLIndexPathUpdates+DMBatch.m */; };
		18FD6A1D1F99E7A3008AF98F /* DMTableTools+Logger.m in Sources */ = {isa = PBXBuildFile; fileRef = 18FD6A1C1F99E7A3008AF98F /* DMTableTools+Logger.m */; };
		C68B25D84850F9379F6E76DD /* libPods-DMTableTools.a in Frameworks */ = {isa = PBXBuildFile; fileRef = 389920965897F35823EA3401 /* libPods-DMTableTools.a */; };
/* End PBXBuildFile section */

/* Begin PBXFileReference section */
		0923DD41AE0A49A9A4866503 /* Pods-DMTableTools.debug.xcconfig */ = {isa = PBXFileReference; includeInIndex = 1; lastKnownFileType = text.xcconfig; name = "Pods-DMTableTools.debug.xcconfig"; path = "Pods/Target Support Files/Pods-DMTableTools/Pods-DMTableTools.debug.xcconfig"; sourceTree = "<group>"; };
		188D71B71EB8833700172460 /* DMTableTools.app */ = {isa = PBXFileReference; explicitFileType = wrapper.application; includeInIndex = 0; path = DMTableTools.app; sourceTree = BUILT_PRODUCTS_DIR; };
		188D71D31EB883D600172460 /* AppDelegate.h */ = {isa = PBXFileReference; fileEncoding = 4; lastKnownFileType = sourcecode.c.h; path = AppDelegate.h; sourceTree = "<group>"; };
		188D71D41EB883D600172460 /* AppDelegate.m */ = {isa = PBXFileReference; fileEncoding = 4; lastKnownFileType = sourcecode.c.objc; path = AppDelegate.m; sourceTree = "<group>"; };
		188D71D51EB883D600172460 /* Assets.xcassets */ = {isa = PBXFileReference; lastKnownFileType = folder.assetcatalog; path = Assets.xcassets; sourceTree = "<group>"; };
		188D71D81EB883D600172460 /* SimpleViewController.h */ = {isa = PBXFileReference; fileEncoding = 4; lastKnownFileType = sourcecode.c.h; path = SimpleViewController.h; sourceTree = "<group>"; };
		188D71D91EB883D600172460 /* SimpleViewController.m */ = {isa = PBXFileReference; fileEncoding = 4; lastKnownFileType = sourcecode.c.objc; path = SimpleViewController.m; sourceTree = "<group>"; };
		188D71DC1EB883D600172460 /* SimpleBaseCell.h */ = {isa = PBXFileReference; fileEncoding = 4; lastKnownFileType = sourcecode.c.h; path = SimpleBaseCell.h; sourceTree = "<group>"; };
		188D71DD1EB883D600172460 /* SimpleBaseCell.m */ = {isa = PBXFileReference; fileEncoding = 4; lastKnownFileType = sourcecode.c.objc; path = SimpleBaseCell.m; sourceTree = "<group>"; };
		188D71E01EB883D600172460 /* SimpleBaseModel.h */ = {isa = PBXFileReference; fileEncoding = 4; lastKnownFileType = sourcecode.c.h; path = SimpleBaseModel.h; sourceTree = "<group>"; };
		188D71E11EB883D600172460 /* SimpleBaseModel.m */ = {isa = PBXFileReference; fileEncoding = 4; lastKnownFileType = sourcecode.c.objc; path = SimpleBaseModel.m; sourceTree = "<group>"; };
		188D71E21EB883D600172460 /* ViewController.h */ = {isa = PBXFileReference; fileEncoding = 4; lastKnownFileType = sourcecode.c.h; path = ViewController.h; sourceTree = "<group>"; };
		188D71E31EB883D600172460 /* ViewController.m */ = {isa = PBXFileReference; fileEncoding = 4; lastKnownFileType = sourcecode.c.objc; path = ViewController.m; sourceTree = "<group>"; };
		188D71E51EB883D600172460 /* Info.plist */ = {isa = PBXFileReference; fileEncoding = 4; lastKnownFileType = text.plist.xml; path = Info.plist; sourceTree = "<group>"; };
		188D71E61EB883D600172460 /* main.m */ = {isa = PBXFileReference; fileEncoding = 4; lastKnownFileType = sourcecode.c.objc; path = main.m; sourceTree = "<group>"; };
		188D71E81EB883D600172460 /* LaunchScreen.storyboard */ = {isa = PBXFileReference; fileEncoding = 4; lastKnownFileType = file.storyboard; path = LaunchScreen.storyboard; sourceTree = "<group>"; };
		188D71E91EB883D600172460 /* Main.storyboard */ = {isa = PBXFileReference; fileEncoding = 4; lastKnownFileType = file.storyboard; path = Main.storyboard; sourceTree = "<group>"; };
		188D71F81EB8846800172460 /* DMTableTools.h */ = {isa = PBXFileReference; fileEncoding = 4; lastKnownFileType = sourcecode.c.h; path = DMTableTools.h; sourceTree = "<group>"; };
		188D71F91EB8846800172460 /* DMTableTools.m */ = {isa = PBXFileReference; fileEncoding = 4; lastKnownFileType = sourcecode.c.objc; path = DMTableTools.m; sourceTree = "<group>"; };
		188D72151EB993F900172460 /* SimpleViewController+Dummy.h */ = {isa = PBXFileReference; fileEncoding = 4; lastKnownFileType = sourcecode.c.h; path = "SimpleViewController+Dummy.h"; sourceTree = "<group>"; };
		188D72161EB993F900172460 /* SimpleViewController+Dummy.m */ = {isa = PBXFileReference; fileEncoding = 4; lastKnownFileType = sourcecode.c.objc; path = "SimpleViewController+Dummy.m"; sourceTree = "<group>"; };
		188D721A1EB9946D00172460 /* NSString+Fish.h */ = {isa = PBXFileReference; fileEncoding = 4; lastKnownFileType = sourcecode.c.h; path = "NSString+Fish.h"; sourceTree = "<group>"; };
		188D721B1EB9946D00172460 /* NSString+Fish.m */ = {isa = PBXFileReference; fileEncoding = 4; lastKnownFileType = sourcecode.c.objc; path = "NSString+Fish.m"; sourceTree = "<group>"; };
		188D721D1EB9AF0200172460 /* TLIndexPathUpdates+DMBatch.h */ = {isa = PBXFileReference; fileEncoding = 4; lastKnownFileType = sourcecode.c.h; path = "TLIndexPathUpdates+DMBatch.h"; sourceTree = "<group>"; };
		188D721E1EB9AF0200172460 /* TLIndexPathUpdates+DMBatch.m */ = {isa = PBXFileReference; fileEncoding = 4; lastKnownFileType = sourcecode.c.objc; path = "TLIndexPathUpdates+DMBatch.m"; sourceTree = "<group>"; };
		18F671721EB8DD1100C6A9A2 /* SimpleTableViewProtocols.h */ = {isa = PBXFileReference; lastKnownFileType = sourcecode.c.h; path = SimpleTableViewProtocols.h; sourceTree = "<group>"; };
		18FD6A1B1F99E7A3008AF98F /* DMTableTools+Logger.h */ = {isa = PBXFileReference; fileEncoding = 4; lastKnownFileType = sourcecode.c.h; path = "DMTableTools+Logger.h"; sourceTree = "<group>"; };
		18FD6A1C1F99E7A3008AF98F /* DMTableTools+Logger.m */ = {isa = PBXFileReference; fileEncoding = 4; lastKnownFileType = sourcecode.c.objc; path = "DMTableTools+Logger.m"; sourceTree = "<group>"; };
		389920965897F35823EA3401 /* libPods-DMTableTools.a */ = {isa = PBXFileReference; explicitFileType = archive.ar; includeInIndex = 0; path = "libPods-DMTableTools.a"; sourceTree = BUILT_PRODUCTS_DIR; };
		C4DB049848DC98CAB944D74C /* Pods-DMTableTools.release.xcconfig */ = {isa = PBXFileReference; includeInIndex = 1; lastKnownFileType = text.xcconfig; name = "Pods-DMTableTools.release.xcconfig"; path = "Pods/Target Support Files/Pods-DMTableTools/Pods-DMTableTools.release.xcconfig"; sourceTree = "<group>"; };
/* End PBXFileReference section */

/* Begin PBXFrameworksBuildPhase section */
		188D71B41EB8833700172460 /* Frameworks */ = {
			isa = PBXFrameworksBuildPhase;
			buildActionMask = 2147483647;
			files = (
				C68B25D84850F9379F6E76DD /* libPods-DMTableTools.a in Frameworks */,
			);
			runOnlyForDeploymentPostprocessing = 0;
		};
/* End PBXFrameworksBuildPhase section */

/* Begin PBXGroup section */
		155C6FC7A5AC62171FCBA348 /* Pods */ = {
			isa = PBXGroup;
			children = (
				0923DD41AE0A49A9A4866503 /* Pods-DMTableTools.debug.xcconfig */,
				C4DB049848DC98CAB944D74C /* Pods-DMTableTools.release.xcconfig */,
			);
			name = Pods;
			sourceTree = "<group>";
		};
		188D71AE1EB8833700172460 = {
			isa = PBXGroup;
			children = (
				188D71B91EB8833700172460 /* DMTableTools */,
				188D72181EB9946D00172460 /* categories */,
				188D71D11EB883D600172460 /* classes */,
				188D71B81EB8833700172460 /* Products */,
				155C6FC7A5AC62171FCBA348 /* Pods */,
				805CFFC0A87901554D62B6A4 /* Frameworks */,
			);
			sourceTree = "<group>";
		};
		188D71B81EB8833700172460 /* Products */ = {
			isa = PBXGroup;
			children = (
				188D71B71EB8833700172460 /* DMTableTools.app */,
			);
			name = Products;
			sourceTree = "<group>";
		};
		188D71B91EB8833700172460 /* DMTableTools */ = {
			isa = PBXGroup;
			children = (
				188D71F81EB8846800172460 /* DMTableTools.h */,
				188D71F91EB8846800172460 /* DMTableTools.m */,
				18FD6A1B1F99E7A3008AF98F /* DMTableTools+Logger.h */,
				18FD6A1C1F99E7A3008AF98F /* DMTableTools+Logger.m */,
				188D721D1EB9AF0200172460 /* TLIndexPathUpdates+DMBatch.h */,
				188D721E1EB9AF0200172460 /* TLIndexPathUpdates+DMBatch.m */,
			);
			path = DMTableTools;
			sourceTree = "<group>";
		};
		188D71D11EB883D600172460 /* classes */ = {
			isa = PBXGroup;
			children = (
				188D71D21EB883D600172460 /* app */,
				188D71D51EB883D600172460 /* Assets.xcassets */,
				188D71D61EB883D600172460 /* controllers */,
				188D71E41EB883D600172460 /* resources */,
				188D71E71EB883D600172460 /* storyboards */,
			);
			path = classes;
			sourceTree = "<group>";
		};
		188D71D21EB883D600172460 /* app */ = {
			isa = PBXGroup;
			children = (
				188D71D31EB883D600172460 /* AppDelegate.h */,
				188D71D41EB883D600172460 /* AppDelegate.m */,
			);
			path = app;
			sourceTree = "<group>";
		};
		188D71D61EB883D600172460 /* controllers */ = {
			isa = PBXGroup;
			children = (
				188D71D71EB883D600172460 /* simple */,
				188D71E21EB883D600172460 /* ViewController.h */,
				188D71E31EB883D600172460 /* ViewController.m */,
			);
			path = controllers;
			sourceTree = "<group>";
		};
		188D71D71EB883D600172460 /* simple */ = {
			isa = PBXGroup;
			children = (
				188D71DA1EB883D600172460 /* tableData */,
				188D71D81EB883D600172460 /* SimpleViewController.h */,
				188D71D91EB883D600172460 /* SimpleViewController.m */,
				188D72151EB993F900172460 /* SimpleViewController+Dummy.h */,
				188D72161EB993F900172460 /* SimpleViewController+Dummy.m */,
			);
			path = simple;
			sourceTree = "<group>";
		};
		188D71DA1EB883D600172460 /* tableData */ = {
			isa = PBXGroup;
			children = (
				188D71DB1EB883D600172460 /* base */,
				18F671721EB8DD1100C6A9A2 /* SimpleTableViewProtocols.h */,
			);
			path = tableData;
			sourceTree = "<group>";
		};
		188D71DB1EB883D600172460 /* base */ = {
			isa = PBXGroup;
			children = (
				188D71DC1EB883D600172460 /* SimpleBaseCell.h */,
				188D71DD1EB883D600172460 /* SimpleBaseCell.m */,
				188D71E01EB883D600172460 /* SimpleBaseModel.h */,
				188D71E11EB883D600172460 /* SimpleBaseModel.m */,
			);
			path = base;
			sourceTree = "<group>";
		};
		188D71E41EB883D600172460 /* resources */ = {
			isa = PBXGroup;
			children = (
				188D71E51EB883D600172460 /* Info.plist */,
				188D71E61EB883D600172460 /* main.m */,
			);
			path = resources;
			sourceTree = "<group>";
		};
		188D71E71EB883D600172460 /* storyboards */ = {
			isa = PBXGroup;
			children = (
				188D71E81EB883D600172460 /* LaunchScreen.storyboard */,
				188D71E91EB883D600172460 /* Main.storyboard */,
			);
			path = storyboards;
			sourceTree = "<group>";
		};
		188D72181EB9946D00172460 /* categories */ = {
			isa = PBXGroup;
			children = (
				188D72191EB9946D00172460 /* Fish */,
			);
			name = categories;
			path = classes/categories;
			sourceTree = "<group>";
		};
		188D72191EB9946D00172460 /* Fish */ = {
			isa = PBXGroup;
			children = (
				188D721A1EB9946D00172460 /* NSString+Fish.h */,
				188D721B1EB9946D00172460 /* NSString+Fish.m */,
			);
			path = Fish;
			sourceTree = "<group>";
		};
		805CFFC0A87901554D62B6A4 /* Frameworks */ = {
			isa = PBXGroup;
			children = (
				389920965897F35823EA3401 /* libPods-DMTableTools.a */,
			);
			name = Frameworks;
			sourceTree = "<group>";
		};
/* End PBXGroup section */

/* Begin PBXNativeTarget section */
		188D71B61EB8833700172460 /* DMTableTools */ = {
			isa = PBXNativeTarget;
			buildConfigurationList = 188D71CE1EB8833700172460 /* Build configuration list for PBXNativeTarget "DMTableTools" */;
			buildPhases = (
				FA35D7DD13FB4D1BC12C54AD /* [CP] Check Pods Manifest.lock */,
				188D71B31EB8833700172460 /* Sources */,
				188D71B41EB8833700172460 /* Frameworks */,
				188D71B51EB8833700172460 /* Resources */,
				BA91F5F8A6FF7A7494CFF48D /* [CP] Embed Pods Frameworks */,
				5F3169778A6F13920B0075E3 /* [CP] Copy Pods Resources */,
			);
			buildRules = (
			);
			dependencies = (
			);
			name = DMTableTools;
			productName = DMTableTools;
			productReference = 188D71B71EB8833700172460 /* DMTableTools.app */;
			productType = "com.apple.product-type.application";
		};
/* End PBXNativeTarget section */

/* Begin PBXProject section */
		188D71AF1EB8833700172460 /* Project object */ = {
			isa = PBXProject;
			attributes = {
				LastUpgradeCheck = 0900;
				ORGANIZATIONNAME = "Dmitry Avvakumov";
				TargetAttributes = {
					188D71B61EB8833700172460 = {
						CreatedOnToolsVersion = 8.3.2;
						DevelopmentTeam = QULEAG7CAN;
						ProvisioningStyle = Automatic;
					};
				};
			};
			buildConfigurationList = 188D71B21EB8833700172460 /* Build configuration list for PBXProject "DMTableTools" */;
			compatibilityVersion = "Xcode 3.2";
			developmentRegion = English;
			hasScannedForEncodings = 0;
			knownRegions = (
				en,
				Base,
			);
			mainGroup = 188D71AE1EB8833700172460;
			productRefGroup = 188D71B81EB8833700172460 /* Products */;
			projectDirPath = "";
			projectRoot = "";
			targets = (
				188D71B61EB8833700172460 /* DMTableTools */,
			);
		};
/* End PBXProject section */

/* Begin PBXResourcesBuildPhase section */
		188D71B51EB8833700172460 /* Resources */ = {
			isa = PBXResourcesBuildPhase;
			buildActionMask = 2147483647;
			files = (
				188D71F41EB883D600172460 /* Main.storyboard in Resources */,
				188D71EB1EB883D600172460 /* Assets.xcassets in Resources */,
				188D71F31EB883D600172460 /* LaunchScreen.storyboard in Resources */,
			);
			runOnlyForDeploymentPostprocessing = 0;
		};
/* End PBXResourcesBuildPhase section */

/* Begin PBXShellScriptBuildPhase section */
		5F3169778A6F13920B0075E3 /* [CP] Copy Pods Resources */ = {
			isa = PBXShellScriptBuildPhase;
			buildActionMask = 2147483647;
			files = (
			);
			inputPaths = (
			);
			name = "[CP] Copy Pods Resources";
			outputPaths = (
			);
			runOnlyForDeploymentPostprocessing = 0;
			shellPath = /bin/sh;
			shellScript = "\"${SRCROOT}/Pods/Target Support Files/Pods-DMTableTools/Pods-DMTableTools-resources.sh\"\n";
			showEnvVarsInLog = 0;
		};
		BA91F5F8A6FF7A7494CFF48D /* [CP] Embed Pods Frameworks */ = {
			isa = PBXShellScriptBuildPhase;
			buildActionMask = 2147483647;
			files = (
			);
			inputPaths = (
			);
			name = "[CP] Embed Pods Frameworks";
			outputPaths = (
			);
			runOnlyForDeploymentPostprocessing = 0;
			shellPath = /bin/sh;
			shellScript = "\"${SRCROOT}/Pods/Target Support Files/Pods-DMTableTools/Pods-DMTableTools-frameworks.sh\"\n";
			showEnvVarsInLog = 0;
		};
		FA35D7DD13FB4D1BC12C54AD /* [CP] Check Pods Manifest.lock */ = {
			isa = PBXShellScriptBuildPhase;
			buildActionMask = 2147483647;
			files = (
			);
			inputPaths = (
				"${PODS_PODFILE_DIR_PATH}/Podfile.lock",
				"${PODS_ROOT}/Manifest.lock",
			);
			name = "[CP] Check Pods Manifest.lock";
			outputPaths = (
				"$(DERIVED_FILE_DIR)/Pods-DMTableTools-checkManifestLockResult.txt",
			);
			runOnlyForDeploymentPostprocessing = 0;
			shellPath = /bin/sh;
			shellScript = "diff \"${PODS_PODFILE_DIR_PATH}/Podfile.lock\" \"${PODS_ROOT}/Manifest.lock\" > /dev/null\nif [ $? != 0 ] ; then\n    # print error to STDERR\n    echo \"error: The sandbox is not in sync with the Podfile.lock. Run 'pod install' or update your CocoaPods installation.\" >&2\n    exit 1\nfi\n# This output is used by Xcode 'outputs' to avoid re-running this script phase.\necho \"SUCCESS\" > \"${SCRIPT_OUTPUT_FILE_0}\"\n";
			showEnvVarsInLog = 0;
		};
/* End PBXShellScriptBuildPhase section */

/* Begin PBXSourcesBuildPhase section */
		188D71B31EB8833700172460 /* Sources */ = {
			isa = PBXSourcesBuildPhase;
			buildActionMask = 2147483647;
			files = (
				188D71F21EB883D600172460 /* main.m in Sources */,
				188D71F01EB883D600172460 /* ViewController.m in Sources */,
				188D71EC1EB883D600172460 /* SimpleViewController.m in Sources */,
				188D71FA1EB8846800172460 /* DMTableTools.m in Sources */,
				188D721C1EB9946D00172460 /* NSString+Fish.m in Sources */,
				188D71EA1EB883D600172460 /* AppDelegate.m in Sources */,
				188D721F1EB9AF0200172460 /* TLIndexPathUpdates+DMBatch.m in Sources */,
				188D71EF1EB883D600172460 /* SimpleBaseModel.m in Sources */,
				188D71ED1EB883D600172460 /* SimpleBaseCell.m in Sources */,
				18FD6A1D1F99E7A3008AF98F /* DMTableTools+Logger.m in Sources */,
				188D72171EB993F900172460 /* SimpleViewController+Dummy.m in Sources */,
			);
			runOnlyForDeploymentPostprocessing = 0;
		};
/* End PBXSourcesBuildPhase section */

/* Begin XCBuildConfiguration section */
		188D71CC1EB8833700172460 /* Debug */ = {
			isa = XCBuildConfiguration;
			buildSettings = {
				ALWAYS_SEARCH_USER_PATHS = NO;
				CLANG_ANALYZER_NONNULL = YES;
				CLANG_ANALYZER_NUMBER_OBJECT_CONVERSION = YES_AGGRESSIVE;
				CLANG_CXX_LANGUAGE_STANDARD = "gnu++0x";
				CLANG_CXX_LIBRARY = "libc++";
				CLANG_ENABLE_MODULES = YES;
				CLANG_ENABLE_OBJC_ARC = YES;
				CLANG_WARN_BLOCK_CAPTURE_AUTORELEASING = YES;
				CLANG_WARN_BOOL_CONVERSION = YES;
				CLANG_WARN_COMMA = YES;
				CLANG_WARN_CONSTANT_CONVERSION = YES;
				CLANG_WARN_DIRECT_OBJC_ISA_USAGE = YES_ERROR;
				CLANG_WARN_DOCUMENTATION_COMMENTS = YES;
				CLANG_WARN_EMPTY_BODY = YES;
				CLANG_WARN_ENUM_CONVERSION = YES;
				CLANG_WARN_INFINITE_RECURSION = YES;
				CLANG_WARN_INT_CONVERSION = YES;
				CLANG_WARN_NON_LITERAL_NULL_CONVERSION = YES;
				CLANG_WARN_OBJC_LITERAL_CONVERSION = YES;
				CLANG_WARN_OBJC_ROOT_CLASS = YES_ERROR;
				CLANG_WARN_RANGE_LOOP_ANALYSIS = YES;
				CLANG_WARN_STRICT_PROTOTYPES = YES;
				CLANG_WARN_SUSPICIOUS_MOVE = YES;
				CLANG_WARN_UNREACHABLE_CODE = YES;
				CLANG_WARN__DUPLICATE_METHOD_MATCH = YES;
				"CODE_SIGN_IDENTITY[sdk=iphoneos*]" = "iPhone Developer";
				COPY_PHASE_STRIP = NO;
				DEBUG_INFORMATION_FORMAT = dwarf;
				ENABLE_STRICT_OBJC_MSGSEND = YES;
				ENABLE_TESTABILITY = YES;
				GCC_C_LANGUAGE_STANDARD = gnu99;
				GCC_DYNAMIC_NO_PIC = NO;
				GCC_NO_COMMON_BLOCKS = YES;
				GCC_OPTIMIZATION_LEVEL = 0;
				GCC_PREPROCESSOR_DEFINITIONS = (
					"DEBUG=1",
					"$(inherited)",
				);
				GCC_WARN_64_TO_32_BIT_CONVERSION = YES;
				GCC_WARN_ABOUT_RETURN_TYPE = YES_ERROR;
				GCC_WARN_UNDECLARED_SELECTOR = YES;
				GCC_WARN_UNINITIALIZED_AUTOS = YES_AGGRESSIVE;
				GCC_WARN_UNUSED_FUNCTION = YES;
				GCC_WARN_UNUSED_VARIABLE = YES;
				IPHONEOS_DEPLOYMENT_TARGET = 10.3;
				MTL_ENABLE_DEBUG_INFO = YES;
				ONLY_ACTIVE_ARCH = YES;
				SDKROOT = iphoneos;
			};
			name = Debug;
		};
		188D71CD1EB8833700172460 /* Release */ = {
			isa = XCBuildConfiguration;
			buildSettings = {
				ALWAYS_SEARCH_USER_PATHS = NO;
				CLANG_ANALYZER_NONNULL = YES;
				CLANG_ANALYZER_NUMBER_OBJECT_CONVERSION = YES_AGGRESSIVE;
				CLANG_CXX_LANGUAGE_STANDARD = "gnu++0x";
				CLANG_CXX_LIBRARY = "libc++";
				CLANG_ENABLE_MODULES = YES;
				CLANG_ENABLE_OBJC_ARC = YES;
				CLANG_WARN_BLOCK_CAPTURE_AUTORELEASING = YES;
				CLANG_WARN_BOOL_CONVERSION = YES;
				CLANG_WARN_COMMA = YES;
				CLANG_WARN_CONSTANT_CONVERSION = YES;
				CLANG_WARN_DIRECT_OBJC_ISA_USAGE = YES_ERROR;
				CLANG_WARN_DOCUMENTATION_COMMENTS = YES;
				CLANG_WARN_EMPTY_BODY = YES;
				CLANG_WARN_ENUM_CONVERSION = YES;
				CLANG_WARN_INFINITE_RECURSION = YES;
				CLANG_WARN_INT_CONVERSION = YES;
				CLANG_WARN_NON_LITERAL_NULL_CONVERSION = YES;
				CLANG_WARN_OBJC_LITERAL_CONVERSION = YES;
				CLANG_WARN_OBJC_ROOT_CLASS = YES_ERROR;
				CLANG_WARN_RANGE_LOOP_ANALYSIS = YES;
				CLANG_WARN_STRICT_PROTOTYPES = YES;
				CLANG_WARN_SUSPICIOUS_MOVE = YES;
				CLANG_WARN_UNREACHABLE_CODE = YES;
				CLANG_WARN__DUPLICATE_METHOD_MATCH = YES;
				"CODE_SIGN_IDENTITY[sdk=iphoneos*]" = "iPhone Developer";
				COPY_PHASE_STRIP = NO;
				DEBUG_INFORMATION_FORMAT = "dwarf-with-dsym";
				ENABLE_NS_ASSERTIONS = NO;
				ENABLE_STRICT_OBJC_MSGSEND = YES;
				GCC_C_LANGUAGE_STANDARD = gnu99;
				GCC_NO_COMMON_BLOCKS = YES;
				GCC_WARN_64_TO_32_BIT_CONVERSION = YES;
				GCC_WARN_ABOUT_RETURN_TYPE = YES_ERROR;
				GCC_WARN_UNDECLARED_SELECTOR = YES;
				GCC_WARN_UNINITIALIZED_AUTOS = YES_AGGRESSIVE;
				GCC_WARN_UNUSED_FUNCTION = YES;
				GCC_WARN_UNUSED_VARIABLE = YES;
				IPHONEOS_DEPLOYMENT_TARGET = 10.3;
				MTL_ENABLE_DEBUG_INFO = NO;
				SDKROOT = iphoneos;
				VALIDATE_PRODUCT = YES;
			};
			name = Release;
		};
		188D71CF1EB8833700172460 /* Debug */ = {
			isa = XCBuildConfiguration;
			baseConfigurationReference = 0923DD41AE0A49A9A4866503 /* Pods-DMTableTools.debug.xcconfig */;
			buildSettings = {
				ASSETCATALOG_COMPILER_APPICON_NAME = AppIcon;
				DEVELOPMENT_TEAM = QULEAG7CAN;
				INFOPLIST_FILE = "$(SRCROOT)/classes/resources/Info.plist";
				LD_RUNPATH_SEARCH_PATHS = "$(inherited) @executable_path/Frameworks";
				PRODUCT_BUNDLE_IDENTIFIER = ru.dima.avvakumov.DMTableTools;
				PRODUCT_NAME = "$(TARGET_NAME)";
			};
			name = Debug;
		};
		188D71D01EB8833700172460 /* Release */ = {
			isa = XCBuildConfiguration;
			baseConfigurationReference = C4DB049848DC98CAB944D74C /* Pods-DMTableTools.release.xcconfig */;
			buildSettings = {
				ASSETCATALOG_COMPILER_APPICON_NAME = AppIcon;
				DEVELOPMENT_TEAM = QULEAG7CAN;
				INFOPLIST_FILE = "$(SRCROOT)/classes/resources/Info.plist";
				LD_RUNPATH_SEARCH_PATHS = "$(inherited) @executable_path/Frameworks";
				PRODUCT_BUNDLE_IDENTIFIER = ru.dima.avvakumov.DMTableTools;
				PRODUCT_NAME = "$(TARGET_NAME)";
			};
			name = Release;
		};
/* End XCBuildConfiguration section */

/* Begin XCConfigurationList section */
		188D71B21EB8833700172460 /* Build configuration list for PBXProject "DMTableTools" */ = {
			isa = XCConfigurationList;
			buildConfigurations = (
				188D71CC1EB8833700172460 /* Debug */,
				188D71CD1EB8833700172460 /* Release */,
			);
			defaultConfigurationIsVisible = 0;
			defaultConfigurationName = Release;
		};
		188D71CE1EB8833700172460 /* Build configuration list for PBXNativeTarget "DMTableTools" */ = {
			isa = XCConfigurationList;
			buildConfigurations = (
				188D71CF1EB8833700172460 /* Debug */,
				188D71D01EB8833700172460 /* Release */,
			);
			defaultConfigurationIsVisible = 0;
			defaultConfigurationName = Release;
		};
/* End XCConfigurationList section */
	};
	rootObject = 188D71AF1EB8833700172460 /* Project object */;
}
